
Microsoft Visual Studio Solution File, Format Version 12.00
# Visual Studio Version 17
VisualStudioVersion = 17.1.32228.430
MinimumVisualStudioVersion = 10.0.40219.1
Project("{FAE04EC0-301F-11D3-BF4B-00C04F79EFBC}") = "daniel-humphreys_Ex-01", "daniel-humphreys_Ex-01\daniel-humphreys_Ex-01.csproj", "{EE345AE7-9288-4ECD-881C-5379C37C3AE4}"
EndProject
Project("{FAE04EC0-301F-11D3-BF4B-00C04F79EFBC}") = "daniel-humphreys_Ex-02", "daniel-humphreys_Ex-02\daniel-humphreys_Ex-02.csproj", "{C916DAA5-1BA3-46F2-B990-9AC29307577D}"
EndProject
Global
	GlobalSection(SolutionConfigurationPlatforms) = preSolution
		Debug|Any CPU = Debug|Any CPU
		Release|Any CPU = Release|Any CPU
	EndGlobalSection
	GlobalSection(ProjectConfigurationPlatforms) = postSolution
		{EE345AE7-9288-4ECD-881C-5379C37C3AE4}.Debug|Any CPU.ActiveCfg = Debug|Any CPU
		{EE345AE7-9288-4ECD-881C-5379C37C3AE4}.Debug|Any CPU.Build.0 = Debug|Any CPU
		{EE345AE7-9288-4ECD-881C-5379C37C3AE4}.Release|Any CPU.ActiveCfg = Release|Any CPU
		{EE345AE7-9288-4ECD-881C-5379C37C3AE4}.Release|Any CPU.Build.0 = Release|Any CPU
		{C916DAA5-1BA3-46F2-B990-9AC29307577D}.Debug|Any CPU.ActiveCfg = Debug|Any CPU
		{C916DAA5-1BA3-46F2-B990-9AC29307577D}.Debug|Any CPU.Build.0 = Debug|Any CPU
		{C916DAA5-1BA3-46F2-B990-9AC29307577D}.Release|Any CPU.ActiveCfg = Release|Any CPU
		{C916DAA5-1BA3-46F2-B990-9AC29307577D}.Release|Any CPU.Build.0 = Release|Any CPU
	EndGlobalSection
	GlobalSection(SolutionProperties) = preSolution
		HideSolutionNode = FALSE
	EndGlobalSection
	GlobalSection(ExtensibilityGlobals) = postSolution
		SolutionGuid = {D2C268B3-598F-49B6-9534-AF7E40E153C1}
	EndGlobalSection
EndGlobal
